
Microsoft Visual Studio Solution File, Format Version 12.00
# Visual Studio Version 17
VisualStudioVersion = 17.11.35222.181
MinimumVisualStudioVersion = 10.0.40219.1
Project("{FAE04EC0-301F-11D3-BF4B-00C04F79EFBC}") = "Distance", "Distance\Distance.csproj", "{DE01152C-65AC-494B-A0FA-275C315F29B9}"
EndProject
Global
	GlobalSection(SolutionConfigurationPlatforms) = preSolution
		Debug|Any CPU = Debug|Any CPU
		Release|Any CPU = Release|Any CPU
	EndGlobalSection
	GlobalSection(ProjectConfigurationPlatforms) = postSolution
		{DE01152C-65AC-494B-A0FA-275C315F29B9}.Debug|Any CPU.ActiveCfg = Debug|Any CPU
		{DE01152C-65AC-494B-A0FA-275C315F29B9}.Debug|Any CPU.Build.0 = Debug|Any CPU
		{DE01152C-65AC-494B-A0FA-275C315F29B9}.Release|Any CPU.ActiveCfg = Release|Any CPU
		{DE01152C-65AC-494B-A0FA-275C315F29B9}.Release|Any CPU.Build.0 = Release|Any CPU
	EndGlobalSection
	GlobalSection(SolutionProperties) = preSolution
		HideSolutionNode = FALSE
	EndGlobalSection
	GlobalSection(ExtensibilityGlobals) = postSolution
		SolutionGuid = {CD01C276-2083-4588-9A4D-CF17DA434A7F}
	EndGlobalSection
EndGlobal
