
Microsoft Visual Studio Solution File, Format Version 12.00
# Visual Studio Version 17
VisualStudioVersion = 17.11.35327.3
MinimumVisualStudioVersion = 10.0.40219.1
Project("{FAE04EC0-301F-11D3-BF4B-00C04F79EFBC}") = "CustomAttribute", "CustomAttribute\CustomAttribute.csproj", "{61324B3F-6D92-4258-A266-4CC2A795407B}"
EndProject
Project("{FAE04EC0-301F-11D3-BF4B-00C04F79EFBC}") = "RATIONAL", "..\RATIONAL\RATIONAL.CSPROJ", "{49DAC9D3-695D-46A1-96EF-8F3EF238A773}"
EndProject
Global
	GlobalSection(SolutionConfigurationPlatforms) = preSolution
		Debug|Any CPU = Debug|Any CPU
		Release|Any CPU = Release|Any CPU
	EndGlobalSection
	GlobalSection(ProjectConfigurationPlatforms) = postSolution
		{61324B3F-6D92-4258-A266-4CC2A795407B}.Debug|Any CPU.ActiveCfg = Debug|Any CPU
		{61324B3F-6D92-4258-A266-4CC2A795407B}.Debug|Any CPU.Build.0 = Debug|Any CPU
		{61324B3F-6D92-4258-A266-4CC2A795407B}.Release|Any CPU.ActiveCfg = Release|Any CPU
		{61324B3F-6D92-4258-A266-4CC2A795407B}.Release|Any CPU.Build.0 = Release|Any CPU
		{49DAC9D3-695D-46A1-96EF-8F3EF238A773}.Debug|Any CPU.ActiveCfg = Debug|Any CPU
		{49DAC9D3-695D-46A1-96EF-8F3EF238A773}.Debug|Any CPU.Build.0 = Debug|Any CPU
		{49DAC9D3-695D-46A1-96EF-8F3EF238A773}.Release|Any CPU.ActiveCfg = Release|Any CPU
		{49DAC9D3-695D-46A1-96EF-8F3EF238A773}.Release|Any CPU.Build.0 = Release|Any CPU
	EndGlobalSection
	GlobalSection(SolutionProperties) = preSolution
		HideSolutionNode = FALSE
	EndGlobalSection
	GlobalSection(ExtensibilityGlobals) = postSolution
		SolutionGuid = {325B226E-0C53-4082-B59B-76406D935109}
	EndGlobalSection
EndGlobal
